
Microsoft Visual Studio Solution File, Format Version 12.00
# Visual Studio Version 17
VisualStudioVersion = 17.3.32825.248
MinimumVisualStudioVersion = 10.0.40219.1
Project("{FAE04EC0-301F-11D3-BF4B-00C04F79EFBC}") = "Bricknode Broker Utilities", "Bricknode Broker Utilities\Bricknode Broker Utilities.csproj", "{5103E8F1-89A0-4D03-9109-227B3DA4BA08}"
EndProject
Global
	GlobalSection(SolutionConfigurationPlatforms) = preSolution
		Debug|Any CPU = Debug|Any CPU
		Release|Any CPU = Release|Any CPU
	EndGlobalSection
	GlobalSection(ProjectConfigurationPlatforms) = postSolution
		{5103E8F1-89A0-4D03-9109-227B3DA4BA08}.Debug|Any CPU.ActiveCfg = Debug|Any CPU
		{5103E8F1-89A0-4D03-9109-227B3DA4BA08}.Debug|Any CPU.Build.0 = Debug|Any CPU
		{5103E8F1-89A0-4D03-9109-227B3DA4BA08}.Release|Any CPU.ActiveCfg = Release|Any CPU
		{5103E8F1-89A0-4D03-9109-227B3DA4BA08}.Release|Any CPU.Build.0 = Release|Any CPU
	EndGlobalSection
	GlobalSection(SolutionProperties) = preSolution
		HideSolutionNode = FALSE
	EndGlobalSection
	GlobalSection(ExtensibilityGlobals) = postSolution
		SolutionGuid = {D10E3FDC-0FE0-4921-8805-CD76C85DC3EC}
	EndGlobalSection
EndGlobal
